
Microsoft Visual Studio Solution File, Format Version 12.00
# Visual Studio Version 16
VisualStudioVersion = 16.0.31624.102
MinimumVisualStudioVersion = 10.0.40219.1
Project("{FAE04EC0-301F-11D3-BF4B-00C04F79EFBC}") = "MilkyPantsCheese-Administracion", "MilkyPantsCheese-Administracion\MilkyPantsCheese-Administracion.csproj", "{22971C10-EF66-4048-B699-8C49C77B6DA9}"
EndProject
Global
	GlobalSection(SolutionConfigurationPlatforms) = preSolution
		Debug|Any CPU = Debug|Any CPU
		Release|Any CPU = Release|Any CPU
	EndGlobalSection
	GlobalSection(ProjectConfigurationPlatforms) = postSolution
		{22971C10-EF66-4048-B699-8C49C77B6DA9}.Debug|Any CPU.ActiveCfg = Debug|Any CPU
		{22971C10-EF66-4048-B699-8C49C77B6DA9}.Debug|Any CPU.Build.0 = Debug|Any CPU
		{22971C10-EF66-4048-B699-8C49C77B6DA9}.Release|Any CPU.ActiveCfg = Release|Any CPU
		{22971C10-EF66-4048-B699-8C49C77B6DA9}.Release|Any CPU.Build.0 = Release|Any CPU
	EndGlobalSection
	GlobalSection(SolutionProperties) = preSolution
		HideSolutionNode = FALSE
	EndGlobalSection
	GlobalSection(ExtensibilityGlobals) = postSolution
		SolutionGuid = {E00DC4AE-B7FE-443C-825E-88262E8B3436}
	EndGlobalSection
EndGlobal
